
Microsoft Visual Studio Solution File, Format Version 12.00
# Visual Studio 15
VisualStudioVersion = 15.0.27703.2018
MinimumVisualStudioVersion = 10.0.40219.1
Project("{FAE04EC0-301F-11D3-BF4B-00C04F79EFBC}") = "MoneyKeeper.Token.Android", "MoneyKeeper.Token\MoneyKeeper.Token.Android\MoneyKeeper.Token.Android.csproj", "{F9E9F8D0-CEE7-480A-90AF-8788C11EA217}"
EndProject
Project("{FAE04EC0-301F-11D3-BF4B-00C04F79EFBC}") = "MoneyKeeper.Token.iOS", "MoneyKeeper.Token\MoneyKeeper.Token.iOS\MoneyKeeper.Token.iOS.csproj", "{F91F1930-11F6-4F82-84E9-C0FC28F3AC91}"
EndProject
Project("{9A19103F-16F7-4668-BE54-9A1E7A4F7556}") = "MoneyKeeper.Token", "MoneyKeeper.Token\MoneyKeeper.Token\MoneyKeeper.Token.csproj", "{882E7C64-FD35-4BE1-8A7F-D5BCB7A21CEF}"
EndProject
Project("{2150E333-8FDC-42A3-9474-1A3956D46DE8}") = "Token", "Token", "{480C1275-1700-4DB8-9262-2009572243E1}"
EndProject
Project("{2150E333-8FDC-42A3-9474-1A3956D46DE8}") = "Api", "Api", "{09F1E542-D05D-49A8-86A6-91914F79AFD0}"
EndProject
Project("{9A19103F-16F7-4668-BE54-9A1E7A4F7556}") = "MoneyKeeper.Api", "MoneyKeeper.Api\MoneyKeeper.Api.csproj", "{712F79BC-4A7F-47C2-86B3-B84BA0E3E2E0}"
EndProject
Project("{9A19103F-16F7-4668-BE54-9A1E7A4F7556}") = "MoneyKeeper.Sms", "MoneyKeeper.Sms\MoneyKeeper.Sms.csproj", "{214BF2DB-1121-4E14-9FA1-43B5D419477B}"
EndProject
Project("{2150E333-8FDC-42A3-9474-1A3956D46DE8}") = "Main", "Main", "{B2F4F174-B822-402F-AFD2-C6B7A96DA9A2}"
EndProject
Project("{FAE04EC0-301F-11D3-BF4B-00C04F79EFBC}") = "MoneyKeeper.Main.Android", "MoneyKeeper.Main\MoneyKeeper.Main.Android\MoneyKeeper.Main.Android.csproj", "{E49D7426-BE76-4D90-BBD7-8BDEE9017585}"
EndProject
Project("{FAE04EC0-301F-11D3-BF4B-00C04F79EFBC}") = "MoneyKeeper.Main.iOS", "MoneyKeeper.Main\MoneyKeeper.Main.iOS\MoneyKeeper.Main.iOS.csproj", "{3648FB19-62B0-4004-B00D-A1C540713780}"
EndProject
Project("{FAE04EC0-301F-11D3-BF4B-00C04F79EFBC}") = "MoneyKeeper.Main", "MoneyKeeper.Main\MoneyKeeper.Main\MoneyKeeper.Main.csproj", "{80642BE5-01D7-437F-873D-240295CAE9EB}"
EndProject
Global
	GlobalSection(SolutionConfigurationPlatforms) = preSolution
		Ad-Hoc|Any CPU = Ad-Hoc|Any CPU
		Ad-Hoc|iPhone = Ad-Hoc|iPhone
		Ad-Hoc|iPhoneSimulator = Ad-Hoc|iPhoneSimulator
		AppStore|Any CPU = AppStore|Any CPU
		AppStore|iPhone = AppStore|iPhone
		AppStore|iPhoneSimulator = AppStore|iPhoneSimulator
		Debug|Any CPU = Debug|Any CPU
		Debug|iPhone = Debug|iPhone
		Debug|iPhoneSimulator = Debug|iPhoneSimulator
		Release|Any CPU = Release|Any CPU
		Release|iPhone = Release|iPhone
		Release|iPhoneSimulator = Release|iPhoneSimulator
	EndGlobalSection
	GlobalSection(ProjectConfigurationPlatforms) = postSolution
		{F9E9F8D0-CEE7-480A-90AF-8788C11EA217}.Ad-Hoc|Any CPU.ActiveCfg = Release|Any CPU
		{F9E9F8D0-CEE7-480A-90AF-8788C11EA217}.Ad-Hoc|Any CPU.Build.0 = Release|Any CPU
		{F9E9F8D0-CEE7-480A-90AF-8788C11EA217}.Ad-Hoc|Any CPU.Deploy.0 = Release|Any CPU
		{F9E9F8D0-CEE7-480A-90AF-8788C11EA217}.Ad-Hoc|iPhone.ActiveCfg = Release|Any CPU
		{F9E9F8D0-CEE7-480A-90AF-8788C11EA217}.Ad-Hoc|iPhone.Build.0 = Release|Any CPU
		{F9E9F8D0-CEE7-480A-90AF-8788C11EA217}.Ad-Hoc|iPhone.Deploy.0 = Release|Any CPU
		{F9E9F8D0-CEE7-480A-90AF-8788C11EA217}.Ad-Hoc|iPhoneSimulator.ActiveCfg = Release|Any CPU
		{F9E9F8D0-CEE7-480A-90AF-8788C11EA217}.Ad-Hoc|iPhoneSimulator.Build.0 = Release|Any CPU
		{F9E9F8D0-CEE7-480A-90AF-8788C11EA217}.Ad-Hoc|iPhoneSimulator.Deploy.0 = Release|Any CPU
		{F9E9F8D0-CEE7-480A-90AF-8788C11EA217}.AppStore|Any CPU.ActiveCfg = Release|Any CPU
		{F9E9F8D0-CEE7-480A-90AF-8788C11EA217}.AppStore|Any CPU.Build.0 = Release|Any CPU
		{F9E9F8D0-CEE7-480A-90AF-8788C11EA217}.AppStore|Any CPU.Deploy.0 = Release|Any CPU
		{F9E9F8D0-CEE7-480A-90AF-8788C11EA217}.AppStore|iPhone.ActiveCfg = Release|Any CPU
		{F9E9F8D0-CEE7-480A-90AF-8788C11EA217}.AppStore|iPhone.Build.0 = Release|Any CPU
		{F9E9F8D0-CEE7-480A-90AF-8788C11EA217}.AppStore|iPhone.Deploy.0 = Release|Any CPU
		{F9E9F8D0-CEE7-480A-90AF-8788C11EA217}.AppStore|iPhoneSimulator.ActiveCfg = Release|Any CPU
		{F9E9F8D0-CEE7-480A-90AF-8788C11EA217}.AppStore|iPhoneSimulator.Build.0 = Release|Any CPU
		{F9E9F8D0-CEE7-480A-90AF-8788C11EA217}.AppStore|iPhoneSimulator.Deploy.0 = Release|Any CPU
		{F9E9F8D0-CEE7-480A-90AF-8788C11EA217}.Debug|Any CPU.ActiveCfg = Debug|Any CPU
		{F9E9F8D0-CEE7-480A-90AF-8788C11EA217}.Debug|Any CPU.Build.0 = Debug|Any CPU
		{F9E9F8D0-CEE7-480A-90AF-8788C11EA217}.Debug|Any CPU.Deploy.0 = Debug|Any CPU
		{F9E9F8D0-CEE7-480A-90AF-8788C11EA217}.Debug|iPhone.ActiveCfg = Debug|Any CPU
		{F9E9F8D0-CEE7-480A-90AF-8788C11EA217}.Debug|iPhone.Build.0 = Debug|Any CPU
		{F9E9F8D0-CEE7-480A-90AF-8788C11EA217}.Debug|iPhone.Deploy.0 = Debug|Any CPU
		{F9E9F8D0-CEE7-480A-90AF-8788C11EA217}.Debug|iPhoneSimulator.ActiveCfg = Debug|Any CPU
		{F9E9F8D0-CEE7-480A-90AF-8788C11EA217}.Debug|iPhoneSimulator.Build.0 = Debug|Any CPU
		{F9E9F8D0-CEE7-480A-90AF-8788C11EA217}.Debug|iPhoneSimulator.Deploy.0 = Debug|Any CPU
		{F9E9F8D0-CEE7-480A-90AF-8788C11EA217}.Release|Any CPU.ActiveCfg = Release|Any CPU
		{F9E9F8D0-CEE7-480A-90AF-8788C11EA217}.Release|Any CPU.Build.0 = Release|Any CPU
		{F9E9F8D0-CEE7-480A-90AF-8788C11EA217}.Release|Any CPU.Deploy.0 = Release|Any CPU
		{F9E9F8D0-CEE7-480A-90AF-8788C11EA217}.Release|iPhone.ActiveCfg = Release|Any CPU
		{F9E9F8D0-CEE7-480A-90AF-8788C11EA217}.Release|iPhone.Build.0 = Release|Any CPU
		{F9E9F8D0-CEE7-480A-90AF-8788C11EA217}.Release|iPhone.Deploy.0 = Release|Any CPU
		{F9E9F8D0-CEE7-480A-90AF-8788C11EA217}.Release|iPhoneSimulator.ActiveCfg = Release|Any CPU
		{F9E9F8D0-CEE7-480A-90AF-8788C11EA217}.Release|iPhoneSimulator.Build.0 = Release|Any CPU
		{F9E9F8D0-CEE7-480A-90AF-8788C11EA217}.Release|iPhoneSimulator.Deploy.0 = Release|Any CPU
		{F91F1930-11F6-4F82-84E9-C0FC28F3AC91}.Ad-Hoc|Any CPU.ActiveCfg = Ad-Hoc|iPhone
		{F91F1930-11F6-4F82-84E9-C0FC28F3AC91}.Ad-Hoc|Any CPU.Build.0 = Ad-Hoc|iPhone
		{F91F1930-11F6-4F82-84E9-C0FC28F3AC91}.Ad-Hoc|Any CPU.Deploy.0 = Ad-Hoc|iPhone
		{F91F1930-11F6-4F82-84E9-C0FC28F3AC91}.Ad-Hoc|iPhone.ActiveCfg = Ad-Hoc|iPhone
		{F91F1930-11F6-4F82-84E9-C0FC28F3AC91}.Ad-Hoc|iPhone.Build.0 = Ad-Hoc|iPhone
		{F91F1930-11F6-4F82-84E9-C0FC28F3AC91}.Ad-Hoc|iPhone.Deploy.0 = Ad-Hoc|iPhone
		{F91F1930-11F6-4F82-84E9-C0FC28F3AC91}.Ad-Hoc|iPhoneSimulator.ActiveCfg = Ad-Hoc|iPhoneSimulator
		{F91F1930-11F6-4F82-84E9-C0FC28F3AC91}.Ad-Hoc|iPhoneSimulator.Build.0 = Ad-Hoc|iPhoneSimulator
		{F91F1930-11F6-4F82-84E9-C0FC28F3AC91}.Ad-Hoc|iPhoneSimulator.Deploy.0 = Ad-Hoc|iPhoneSimulator
		{F91F1930-11F6-4F82-84E9-C0FC28F3AC91}.AppStore|Any CPU.ActiveCfg = AppStore|iPhone
		{F91F1930-11F6-4F82-84E9-C0FC28F3AC91}.AppStore|Any CPU.Build.0 = AppStore|iPhone
		{F91F1930-11F6-4F82-84E9-C0FC28F3AC91}.AppStore|Any CPU.Deploy.0 = AppStore|iPhone
		{F91F1930-11F6-4F82-84E9-C0FC28F3AC91}.AppStore|iPhone.ActiveCfg = AppStore|iPhone
		{F91F1930-11F6-4F82-84E9-C0FC28F3AC91}.AppStore|iPhone.Build.0 = AppStore|iPhone
		{F91F1930-11F6-4F82-84E9-C0FC28F3AC91}.AppStore|iPhone.Deploy.0 = AppStore|iPhone
		{F91F1930-11F6-4F82-84E9-C0FC28F3AC91}.AppStore|iPhoneSimulator.ActiveCfg = AppStore|iPhoneSimulator
		{F91F1930-11F6-4F82-84E9-C0FC28F3AC91}.AppStore|iPhoneSimulator.Build.0 = AppStore|iPhoneSimulator
		{F91F1930-11F6-4F82-84E9-C0FC28F3AC91}.AppStore|iPhoneSimulator.Deploy.0 = AppStore|iPhoneSimulator
		{F91F1930-11F6-4F82-84E9-C0FC28F3AC91}.Debug|Any CPU.ActiveCfg = Debug|iPhoneSimulator
		{F91F1930-11F6-4F82-84E9-C0FC28F3AC91}.Debug|Any CPU.Build.0 = Debug|iPhoneSimulator
		{F91F1930-11F6-4F82-84E9-C0FC28F3AC91}.Debug|Any CPU.Deploy.0 = Debug|iPhoneSimulator
		{F91F1930-11F6-4F82-84E9-C0FC28F3AC91}.Debug|iPhone.ActiveCfg = Debug|iPhone
		{F91F1930-11F6-4F82-84E9-C0FC28F3AC91}.Debug|iPhone.Build.0 = Debug|iPhone
		{F91F1930-11F6-4F82-84E9-C0FC28F3AC91}.Debug|iPhone.Deploy.0 = Debug|iPhone
		{F91F1930-11F6-4F82-84E9-C0FC28F3AC91}.Debug|iPhoneSimulator.ActiveCfg = Debug|iPhoneSimulator
		{F91F1930-11F6-4F82-84E9-C0FC28F3AC91}.Debug|iPhoneSimulator.Build.0 = Debug|iPhoneSimulator
		{F91F1930-11F6-4F82-84E9-C0FC28F3AC91}.Debug|iPhoneSimulator.Deploy.0 = Debug|iPhoneSimulator
		{F91F1930-11F6-4F82-84E9-C0FC28F3AC91}.Release|Any CPU.ActiveCfg = Release|iPhone
		{F91F1930-11F6-4F82-84E9-C0FC28F3AC91}.Release|Any CPU.Build.0 = Release|iPhone
		{F91F1930-11F6-4F82-84E9-C0FC28F3AC91}.Release|Any CPU.Deploy.0 = Release|iPhone
		{F91F1930-11F6-4F82-84E9-C0FC28F3AC91}.Release|iPhone.ActiveCfg = Release|iPhone
		{F91F1930-11F6-4F82-84E9-C0FC28F3AC91}.Release|iPhone.Build.0 = Release|iPhone
		{F91F1930-11F6-4F82-84E9-C0FC28F3AC91}.Release|iPhone.Deploy.0 = Release|iPhone
		{F91F1930-11F6-4F82-84E9-C0FC28F3AC91}.Release|iPhoneSimulator.ActiveCfg = Release|iPhoneSimulator
		{F91F1930-11F6-4F82-84E9-C0FC28F3AC91}.Release|iPhoneSimulator.Build.0 = Release|iPhoneSimulator
		{F91F1930-11F6-4F82-84E9-C0FC28F3AC91}.Release|iPhoneSimulator.Deploy.0 = Release|iPhoneSimulator
		{882E7C64-FD35-4BE1-8A7F-D5BCB7A21CEF}.Ad-Hoc|Any CPU.ActiveCfg = Debug|Any CPU
		{882E7C64-FD35-4BE1-8A7F-D5BCB7A21CEF}.Ad-Hoc|Any CPU.Build.0 = Debug|Any CPU
		{882E7C64-FD35-4BE1-8A7F-D5BCB7A21CEF}.Ad-Hoc|Any CPU.Deploy.0 = Debug|Any CPU
		{882E7C64-FD35-4BE1-8A7F-D5BCB7A21CEF}.Ad-Hoc|iPhone.ActiveCfg = Debug|Any CPU
		{882E7C64-FD35-4BE1-8A7F-D5BCB7A21CEF}.Ad-Hoc|iPhone.Build.0 = Debug|Any CPU
		{882E7C64-FD35-4BE1-8A7F-D5BCB7A21CEF}.Ad-Hoc|iPhone.Deploy.0 = Debug|Any CPU
		{882E7C64-FD35-4BE1-8A7F-D5BCB7A21CEF}.Ad-Hoc|iPhoneSimulator.ActiveCfg = Debug|Any CPU
		{882E7C64-FD35-4BE1-8A7F-D5BCB7A21CEF}.Ad-Hoc|iPhoneSimulator.Build.0 = Debug|Any CPU
		{882E7C64-FD35-4BE1-8A7F-D5BCB7A21CEF}.Ad-Hoc|iPhoneSimulator.Deploy.0 = Debug|Any CPU
		{882E7C64-FD35-4BE1-8A7F-D5BCB7A21CEF}.AppStore|Any CPU.ActiveCfg = Debug|Any CPU
		{882E7C64-FD35-4BE1-8A7F-D5BCB7A21CEF}.AppStore|Any CPU.Build.0 = Debug|Any CPU
		{882E7C64-FD35-4BE1-8A7F-D5BCB7A21CEF}.AppStore|Any CPU.Deploy.0 = Debug|Any CPU
		{882E7C64-FD35-4BE1-8A7F-D5BCB7A21CEF}.AppStore|iPhone.ActiveCfg = Debug|Any CPU
		{882E7C64-FD35-4BE1-8A7F-D5BCB7A21CEF}.AppStore|iPhone.Build.0 = Debug|Any CPU
		{882E7C64-FD35-4BE1-8A7F-D5BCB7A21CEF}.AppStore|iPhone.Deploy.0 = Debug|Any CPU
		{882E7C64-FD35-4BE1-8A7F-D5BCB7A21CEF}.AppStore|iPhoneSimulator.ActiveCfg = Debug|Any CPU
		{882E7C64-FD35-4BE1-8A7F-D5BCB7A21CEF}.AppStore|iPhoneSimulator.Build.0 = Debug|Any CPU
		{882E7C64-FD35-4BE1-8A7F-D5BCB7A21CEF}.AppStore|iPhoneSimulator.Deploy.0 = Debug|Any CPU
		{882E7C64-FD35-4BE1-8A7F-D5BCB7A21CEF}.Debug|Any CPU.ActiveCfg = Debug|Any CPU
		{882E7C64-FD35-4BE1-8A7F-D5BCB7A21CEF}.Debug|Any CPU.Build.0 = Debug|Any CPU
		{882E7C64-FD35-4BE1-8A7F-D5BCB7A21CEF}.Debug|Any CPU.Deploy.0 = Debug|Any CPU
		{882E7C64-FD35-4BE1-8A7F-D5BCB7A21CEF}.Debug|iPhone.ActiveCfg = Debug|Any CPU
		{882E7C64-FD35-4BE1-8A7F-D5BCB7A21CEF}.Debug|iPhone.Build.0 = Debug|Any CPU
		{882E7C64-FD35-4BE1-8A7F-D5BCB7A21CEF}.Debug|iPhone.Deploy.0 = Debug|Any CPU
		{882E7C64-FD35-4BE1-8A7F-D5BCB7A21CEF}.Debug|iPhoneSimulator.ActiveCfg = Debug|Any CPU
		{882E7C64-FD35-4BE1-8A7F-D5BCB7A21CEF}.Debug|iPhoneSimulator.Build.0 = Debug|Any CPU
		{882E7C64-FD35-4BE1-8A7F-D5BCB7A21CEF}.Debug|iPhoneSimulator.Deploy.0 = Debug|Any CPU
		{882E7C64-FD35-4BE1-8A7F-D5BCB7A21CEF}.Release|Any CPU.ActiveCfg = Release|Any CPU
		{882E7C64-FD35-4BE1-8A7F-D5BCB7A21CEF}.Release|Any CPU.Build.0 = Release|Any CPU
		{882E7C64-FD35-4BE1-8A7F-D5BCB7A21CEF}.Release|Any CPU.Deploy.0 = Release|Any CPU
		{882E7C64-FD35-4BE1-8A7F-D5BCB7A21CEF}.Release|iPhone.ActiveCfg = Release|Any CPU
		{882E7C64-FD35-4BE1-8A7F-D5BCB7A21CEF}.Release|iPhone.Build.0 = Release|Any CPU
		{882E7C64-FD35-4BE1-8A7F-D5BCB7A21CEF}.Release|iPhone.Deploy.0 = Release|Any CPU
		{882E7C64-FD35-4BE1-8A7F-D5BCB7A21CEF}.Release|iPhoneSimulator.ActiveCfg = Release|Any CPU
		{882E7C64-FD35-4BE1-8A7F-D5BCB7A21CEF}.Release|iPhoneSimulator.Build.0 = Release|Any CPU
		{882E7C64-FD35-4BE1-8A7F-D5BCB7A21CEF}.Release|iPhoneSimulator.Deploy.0 = Release|Any CPU
		{712F79BC-4A7F-47C2-86B3-B84BA0E3E2E0}.Ad-Hoc|Any CPU.ActiveCfg = Debug|Any CPU
		{712F79BC-4A7F-47C2-86B3-B84BA0E3E2E0}.Ad-Hoc|Any CPU.Build.0 = Debug|Any CPU
		{712F79BC-4A7F-47C2-86B3-B84BA0E3E2E0}.Ad-Hoc|iPhone.ActiveCfg = Debug|Any CPU
		{712F79BC-4A7F-47C2-86B3-B84BA0E3E2E0}.Ad-Hoc|iPhone.Build.0 = Debug|Any CPU
		{712F79BC-4A7F-47C2-86B3-B84BA0E3E2E0}.Ad-Hoc|iPhoneSimulator.ActiveCfg = Debug|Any CPU
		{712F79BC-4A7F-47C2-86B3-B84BA0E3E2E0}.Ad-Hoc|iPhoneSimulator.Build.0 = Debug|Any CPU
		{712F79BC-4A7F-47C2-86B3-B84BA0E3E2E0}.AppStore|Any CPU.ActiveCfg = Debug|Any CPU
		{712F79BC-4A7F-47C2-86B3-B84BA0E3E2E0}.AppStore|Any CPU.Build.0 = Debug|Any CPU
		{712F79BC-4A7F-47C2-86B3-B84BA0E3E2E0}.AppStore|iPhone.ActiveCfg = Debug|Any CPU
		{712F79BC-4A7F-47C2-86B3-B84BA0E3E2E0}.AppStore|iPhone.Build.0 = Debug|Any CPU
		{712F79BC-4A7F-47C2-86B3-B84BA0E3E2E0}.AppStore|iPhoneSimulator.ActiveCfg = Debug|Any CPU
		{712F79BC-4A7F-47C2-86B3-B84BA0E3E2E0}.AppStore|iPhoneSimulator.Build.0 = Debug|Any CPU
		{712F79BC-4A7F-47C2-86B3-B84BA0E3E2E0}.Debug|Any CPU.ActiveCfg = Debug|Any CPU
		{712F79BC-4A7F-47C2-86B3-B84BA0E3E2E0}.Debug|Any CPU.Build.0 = Debug|Any CPU
		{712F79BC-4A7F-47C2-86B3-B84BA0E3E2E0}.Debug|iPhone.ActiveCfg = Debug|Any CPU
		{712F79BC-4A7F-47C2-86B3-B84BA0E3E2E0}.Debug|iPhone.Build.0 = Debug|Any CPU
		{712F79BC-4A7F-47C2-86B3-B84BA0E3E2E0}.Debug|iPhoneSimulator.ActiveCfg = Debug|Any CPU
		{712F79BC-4A7F-47C2-86B3-B84BA0E3E2E0}.Debug|iPhoneSimulator.Build.0 = Debug|Any CPU
		{712F79BC-4A7F-47C2-86B3-B84BA0E3E2E0}.Release|Any CPU.ActiveCfg = Release|Any CPU
		{712F79BC-4A7F-47C2-86B3-B84BA0E3E2E0}.Release|Any CPU.Build.0 = Release|Any CPU
		{712F79BC-4A7F-47C2-86B3-B84BA0E3E2E0}.Release|iPhone.ActiveCfg = Release|Any CPU
		{712F79BC-4A7F-47C2-86B3-B84BA0E3E2E0}.Release|iPhone.Build.0 = Release|Any CPU
		{712F79BC-4A7F-47C2-86B3-B84BA0E3E2E0}.Release|iPhoneSimulator.ActiveCfg = Release|Any CPU
		{712F79BC-4A7F-47C2-86B3-B84BA0E3E2E0}.Release|iPhoneSimulator.Build.0 = Release|Any CPU
		{214BF2DB-1121-4E14-9FA1-43B5D419477B}.Ad-Hoc|Any CPU.ActiveCfg = Debug|Any CPU
		{214BF2DB-1121-4E14-9FA1-43B5D419477B}.Ad-Hoc|Any CPU.Build.0 = Debug|Any CPU
		{214BF2DB-1121-4E14-9FA1-43B5D419477B}.Ad-Hoc|iPhone.ActiveCfg = Debug|Any CPU
		{214BF2DB-1121-4E14-9FA1-43B5D419477B}.Ad-Hoc|iPhone.Build.0 = Debug|Any CPU
		{214BF2DB-1121-4E14-9FA1-43B5D419477B}.Ad-Hoc|iPhoneSimulator.ActiveCfg = Debug|Any CPU
		{214BF2DB-1121-4E14-9FA1-43B5D419477B}.Ad-Hoc|iPhoneSimulator.Build.0 = Debug|Any CPU
		{214BF2DB-1121-4E14-9FA1-43B5D419477B}.AppStore|Any CPU.ActiveCfg = Debug|Any CPU
		{214BF2DB-1121-4E14-9FA1-43B5D419477B}.AppStore|Any CPU.Build.0 = Debug|Any CPU
		{214BF2DB-1121-4E14-9FA1-43B5D419477B}.AppStore|iPhone.ActiveCfg = Debug|Any CPU
		{214BF2DB-1121-4E14-9FA1-43B5D419477B}.AppStore|iPhone.Build.0 = Debug|Any CPU
		{214BF2DB-1121-4E14-9FA1-43B5D419477B}.AppStore|iPhoneSimulator.ActiveCfg = Debug|Any CPU
		{214BF2DB-1121-4E14-9FA1-43B5D419477B}.AppStore|iPhoneSimulator.Build.0 = Debug|Any CPU
		{214BF2DB-1121-4E14-9FA1-43B5D419477B}.Debug|Any CPU.ActiveCfg = Debug|Any CPU
		{214BF2DB-1121-4E14-9FA1-43B5D419477B}.Debug|Any CPU.Build.0 = Debug|Any CPU
		{214BF2DB-1121-4E14-9FA1-43B5D419477B}.Debug|iPhone.ActiveCfg = Debug|Any CPU
		{214BF2DB-1121-4E14-9FA1-43B5D419477B}.Debug|iPhone.Build.0 = Debug|Any CPU
		{214BF2DB-1121-4E14-9FA1-43B5D419477B}.Debug|iPhoneSimulator.ActiveCfg = Debug|Any CPU
		{214BF2DB-1121-4E14-9FA1-43B5D419477B}.Debug|iPhoneSimulator.Build.0 = Debug|Any CPU
		{214BF2DB-1121-4E14-9FA1-43B5D419477B}.Release|Any CPU.ActiveCfg = Release|Any CPU
		{214BF2DB-1121-4E14-9FA1-43B5D419477B}.Release|Any CPU.Build.0 = Release|Any CPU
		{214BF2DB-1121-4E14-9FA1-43B5D419477B}.Release|iPhone.ActiveCfg = Release|Any CPU
		{214BF2DB-1121-4E14-9FA1-43B5D419477B}.Release|iPhone.Build.0 = Release|Any CPU
		{214BF2DB-1121-4E14-9FA1-43B5D419477B}.Release|iPhoneSimulator.ActiveCfg = Release|Any CPU
		{214BF2DB-1121-4E14-9FA1-43B5D419477B}.Release|iPhoneSimulator.Build.0 = Release|Any CPU
		{E49D7426-BE76-4D90-BBD7-8BDEE9017585}.Ad-Hoc|Any CPU.ActiveCfg = Release|Any CPU
		{E49D7426-BE76-4D90-BBD7-8BDEE9017585}.Ad-Hoc|Any CPU.Build.0 = Release|Any CPU
		{E49D7426-BE76-4D90-BBD7-8BDEE9017585}.Ad-Hoc|Any CPU.Deploy.0 = Release|Any CPU
		{E49D7426-BE76-4D90-BBD7-8BDEE9017585}.Ad-Hoc|iPhone.ActiveCfg = Release|Any CPU
		{E49D7426-BE76-4D90-BBD7-8BDEE9017585}.Ad-Hoc|iPhone.Build.0 = Release|Any CPU
		{E49D7426-BE76-4D90-BBD7-8BDEE9017585}.Ad-Hoc|iPhone.Deploy.0 = Release|Any CPU
		{E49D7426-BE76-4D90-BBD7-8BDEE9017585}.Ad-Hoc|iPhoneSimulator.ActiveCfg = Release|Any CPU
		{E49D7426-BE76-4D90-BBD7-8BDEE9017585}.Ad-Hoc|iPhoneSimulator.Build.0 = Release|Any CPU
		{E49D7426-BE76-4D90-BBD7-8BDEE9017585}.Ad-Hoc|iPhoneSimulator.Deploy.0 = Release|Any CPU
		{E49D7426-BE76-4D90-BBD7-8BDEE9017585}.AppStore|Any CPU.ActiveCfg = Release|Any CPU
		{E49D7426-BE76-4D90-BBD7-8BDEE9017585}.AppStore|Any CPU.Build.0 = Release|Any CPU
		{E49D7426-BE76-4D90-BBD7-8BDEE9017585}.AppStore|Any CPU.Deploy.0 = Release|Any CPU
		{E49D7426-BE76-4D90-BBD7-8BDEE9017585}.AppStore|iPhone.ActiveCfg = Release|Any CPU
		{E49D7426-BE76-4D90-BBD7-8BDEE9017585}.AppStore|iPhone.Build.0 = Release|Any CPU
		{E49D7426-BE76-4D90-BBD7-8BDEE9017585}.AppStore|iPhone.Deploy.0 = Release|Any CPU
		{E49D7426-BE76-4D90-BBD7-8BDEE9017585}.AppStore|iPhoneSimulator.ActiveCfg = Release|Any CPU
		{E49D7426-BE76-4D90-BBD7-8BDEE9017585}.AppStore|iPhoneSimulator.Build.0 = Release|Any CPU
		{E49D7426-BE76-4D90-BBD7-8BDEE9017585}.AppStore|iPhoneSimulator.Deploy.0 = Release|Any CPU
		{E49D7426-BE76-4D90-BBD7-8BDEE9017585}.Debug|Any CPU.ActiveCfg = Debug|Any CPU
		{E49D7426-BE76-4D90-BBD7-8BDEE9017585}.Debug|Any CPU.Build.0 = Debug|Any CPU
		{E49D7426-BE76-4D90-BBD7-8BDEE9017585}.Debug|Any CPU.Deploy.0 = Debug|Any CPU
		{E49D7426-BE76-4D90-BBD7-8BDEE9017585}.Debug|iPhone.ActiveCfg = Debug|Any CPU
		{E49D7426-BE76-4D90-BBD7-8BDEE9017585}.Debug|iPhone.Build.0 = Debug|Any CPU
		{E49D7426-BE76-4D90-BBD7-8BDEE9017585}.Debug|iPhone.Deploy.0 = Debug|Any CPU
		{E49D7426-BE76-4D90-BBD7-8BDEE9017585}.Debug|iPhoneSimulator.ActiveCfg = Debug|Any CPU
		{E49D7426-BE76-4D90-BBD7-8BDEE9017585}.Debug|iPhoneSimulator.Build.0 = Debug|Any CPU
		{E49D7426-BE76-4D90-BBD7-8BDEE9017585}.Debug|iPhoneSimulator.Deploy.0 = Debug|Any CPU
		{E49D7426-BE76-4D90-BBD7-8BDEE9017585}.Release|Any CPU.ActiveCfg = Release|Any CPU
		{E49D7426-BE76-4D90-BBD7-8BDEE9017585}.Release|Any CPU.Build.0 = Release|Any CPU
		{E49D7426-BE76-4D90-BBD7-8BDEE9017585}.Release|Any CPU.Deploy.0 = Release|Any CPU
		{E49D7426-BE76-4D90-BBD7-8BDEE9017585}.Release|iPhone.ActiveCfg = Release|Any CPU
		{E49D7426-BE76-4D90-BBD7-8BDEE9017585}.Release|iPhone.Build.0 = Release|Any CPU
		{E49D7426-BE76-4D90-BBD7-8BDEE9017585}.Release|iPhone.Deploy.0 = Release|Any CPU
		{E49D7426-BE76-4D90-BBD7-8BDEE9017585}.Release|iPhoneSimulator.ActiveCfg = Release|Any CPU
		{E49D7426-BE76-4D90-BBD7-8BDEE9017585}.Release|iPhoneSimulator.Build.0 = Release|Any CPU
		{E49D7426-BE76-4D90-BBD7-8BDEE9017585}.Release|iPhoneSimulator.Deploy.0 = Release|Any CPU
		{3648FB19-62B0-4004-B00D-A1C540713780}.Ad-Hoc|Any CPU.ActiveCfg = Ad-Hoc|iPhone
		{3648FB19-62B0-4004-B00D-A1C540713780}.Ad-Hoc|iPhone.ActiveCfg = Ad-Hoc|iPhone
		{3648FB19-62B0-4004-B00D-A1C540713780}.Ad-Hoc|iPhone.Build.0 = Ad-Hoc|iPhone
		{3648FB19-62B0-4004-B00D-A1C540713780}.Ad-Hoc|iPhoneSimulator.ActiveCfg = Ad-Hoc|iPhoneSimulator
		{3648FB19-62B0-4004-B00D-A1C540713780}.Ad-Hoc|iPhoneSimulator.Build.0 = Ad-Hoc|iPhoneSimulator
		{3648FB19-62B0-4004-B00D-A1C540713780}.AppStore|Any CPU.ActiveCfg = AppStore|iPhone
		{3648FB19-62B0-4004-B00D-A1C540713780}.AppStore|iPhone.ActiveCfg = AppStore|iPhone
		{3648FB19-62B0-4004-B00D-A1C540713780}.AppStore|iPhone.Build.0 = AppStore|iPhone
		{3648FB19-62B0-4004-B00D-A1C540713780}.AppStore|iPhoneSimulator.ActiveCfg = AppStore|iPhoneSimulator
		{3648FB19-62B0-4004-B00D-A1C540713780}.AppStore|iPhoneSimulator.Build.0 = AppStore|iPhoneSimulator
		{3648FB19-62B0-4004-B00D-A1C540713780}.Debug|Any CPU.ActiveCfg = Debug|iPhone
		{3648FB19-62B0-4004-B00D-A1C540713780}.Debug|iPhone.ActiveCfg = Debug|iPhone
		{3648FB19-62B0-4004-B00D-A1C540713780}.Debug|iPhone.Build.0 = Debug|iPhone
		{3648FB19-62B0-4004-B00D-A1C540713780}.Debug|iPhoneSimulator.ActiveCfg = Debug|iPhoneSimulator
		{3648FB19-62B0-4004-B00D-A1C540713780}.Debug|iPhoneSimulator.Build.0 = Debug|iPhoneSimulator
		{3648FB19-62B0-4004-B00D-A1C540713780}.Release|Any CPU.ActiveCfg = Release|iPhone
		{3648FB19-62B0-4004-B00D-A1C540713780}.Release|iPhone.ActiveCfg = Release|iPhone
		{3648FB19-62B0-4004-B00D-A1C540713780}.Release|iPhone.Build.0 = Release|iPhone
		{3648FB19-62B0-4004-B00D-A1C540713780}.Release|iPhoneSimulator.ActiveCfg = Release|iPhoneSimulator
		{3648FB19-62B0-4004-B00D-A1C540713780}.Release|iPhoneSimulator.Build.0 = Release|iPhoneSimulator
		{80642BE5-01D7-437F-873D-240295CAE9EB}.Ad-Hoc|Any CPU.ActiveCfg = Debug|Any CPU
		{80642BE5-01D7-437F-873D-240295CAE9EB}.Ad-Hoc|Any CPU.Build.0 = Debug|Any CPU
		{80642BE5-01D7-437F-873D-240295CAE9EB}.Ad-Hoc|iPhone.ActiveCfg = Debug|Any CPU
		{80642BE5-01D7-437F-873D-240295CAE9EB}.Ad-Hoc|iPhone.Build.0 = Debug|Any CPU
		{80642BE5-01D7-437F-873D-240295CAE9EB}.Ad-Hoc|iPhoneSimulator.ActiveCfg = Debug|Any CPU
		{80642BE5-01D7-437F-873D-240295CAE9EB}.Ad-Hoc|iPhoneSimulator.Build.0 = Debug|Any CPU
		{80642BE5-01D7-437F-873D-240295CAE9EB}.AppStore|Any CPU.ActiveCfg = Debug|Any CPU
		{80642BE5-01D7-437F-873D-240295CAE9EB}.AppStore|Any CPU.Build.0 = Debug|Any CPU
		{80642BE5-01D7-437F-873D-240295CAE9EB}.AppStore|iPhone.ActiveCfg = Debug|Any CPU
		{80642BE5-01D7-437F-873D-240295CAE9EB}.AppStore|iPhone.Build.0 = Debug|Any CPU
		{80642BE5-01D7-437F-873D-240295CAE9EB}.AppStore|iPhoneSimulator.ActiveCfg = Debug|Any CPU
		{80642BE5-01D7-437F-873D-240295CAE9EB}.AppStore|iPhoneSimulator.Build.0 = Debug|Any CPU
		{80642BE5-01D7-437F-873D-240295CAE9EB}.Debug|Any CPU.ActiveCfg = Debug|Any CPU
		{80642BE5-01D7-437F-873D-240295CAE9EB}.Debug|Any CPU.Build.0 = Debug|Any CPU
		{80642BE5-01D7-437F-873D-240295CAE9EB}.Debug|iPhone.ActiveCfg = Debug|Any CPU
		{80642BE5-01D7-437F-873D-240295CAE9EB}.Debug|iPhone.Build.0 = Debug|Any CPU
		{80642BE5-01D7-437F-873D-240295CAE9EB}.Debug|iPhoneSimulator.ActiveCfg = Debug|Any CPU
		{80642BE5-01D7-437F-873D-240295CAE9EB}.Debug|iPhoneSimulator.Build.0 = Debug|Any CPU
		{80642BE5-01D7-437F-873D-240295CAE9EB}.Release|Any CPU.ActiveCfg = Release|Any CPU
		{80642BE5-01D7-437F-873D-240295CAE9EB}.Release|Any CPU.Build.0 = Release|Any CPU
		{80642BE5-01D7-437F-873D-240295CAE9EB}.Release|iPhone.ActiveCfg = Release|Any CPU
		{80642BE5-01D7-437F-873D-240295CAE9EB}.Release|iPhone.Build.0 = Release|Any CPU
		{80642BE5-01D7-437F-873D-240295CAE9EB}.Release|iPhoneSimulator.ActiveCfg = Release|Any CPU
		{80642BE5-01D7-437F-873D-240295CAE9EB}.Release|iPhoneSimulator.Build.0 = Release|Any CPU
	EndGlobalSection
	GlobalSection(SolutionProperties) = preSolution
		HideSolutionNode = FALSE
	EndGlobalSection
	GlobalSection(NestedProjects) = preSolution
		{F9E9F8D0-CEE7-480A-90AF-8788C11EA217} = {480C1275-1700-4DB8-9262-2009572243E1}
		{F91F1930-11F6-4F82-84E9-C0FC28F3AC91} = {480C1275-1700-4DB8-9262-2009572243E1}
		{882E7C64-FD35-4BE1-8A7F-D5BCB7A21CEF} = {480C1275-1700-4DB8-9262-2009572243E1}
		{712F79BC-4A7F-47C2-86B3-B84BA0E3E2E0} = {09F1E542-D05D-49A8-86A6-91914F79AFD0}
		{214BF2DB-1121-4E14-9FA1-43B5D419477B} = {09F1E542-D05D-49A8-86A6-91914F79AFD0}
		{E49D7426-BE76-4D90-BBD7-8BDEE9017585} = {B2F4F174-B822-402F-AFD2-C6B7A96DA9A2}
		{3648FB19-62B0-4004-B00D-A1C540713780} = {B2F4F174-B822-402F-AFD2-C6B7A96DA9A2}
		{80642BE5-01D7-437F-873D-240295CAE9EB} = {B2F4F174-B822-402F-AFD2-C6B7A96DA9A2}
	EndGlobalSection
	GlobalSection(ExtensibilityGlobals) = postSolution
		VisualSVNWorkingCopyRoot = .
		SolutionGuid = {9EA59492-46C4-4E77-8B6E-E9521935B64D}
	EndGlobalSection
EndGlobal
